
Microsoft Visual Studio Solution File, Format Version 12.00
# Visual Studio 15
VisualStudioVersion = 15.0.28307.421
MinimumVisualStudioVersion = 10.0.40219.1
Project("{8BC9CEB8-8B4A-11D0-8D11-00A0C91BC942}") = "example1", "example1.vcxproj", "{4F1DE192-DBD0-4114-88F0-FD45380C4008}"
EndProject
Project("{8BC9CEB8-8B4A-11D0-8D11-00A0C91BC942}") = "example2", "example2.vcxproj", "{BB03B2C1-F458-4F14-90F9-0E81C9BA0FFE}"
EndProject
Project("{8BC9CEB8-8B4A-11D0-8D11-00A0C91BC942}") = "example3", "example3.vcxproj", "{DBFB3F30-0040-4D84-B2F2-26A37425B2DF}"
EndProject
Project("{8BC9CEB8-8B4A-11D0-8D11-00A0C91BC942}") = "example4", "example4.vcxproj", "{23807C17-8173-4182-919A-2C06500E6444}"
EndProject
Project("{8BC9CEB8-8B4A-11D0-8D11-00A0C91BC942}") = "example5", "example5.vcxproj", "{9D1240FC-8597-47CA-B12C-E9BDE223C2A7}"
EndProject
Project("{8BC9CEB8-8B4A-11D0-8D11-00A0C91BC942}") = "example6", "example6.vcxproj", "{16FBB923-CD8B-4D14-8F79-CA2419326EC8}"
EndProject
Project("{8BC9CEB8-8B4A-11D0-8D11-00A0C91BC942}") = "example7", "example7.vcxproj", "{DB84CC45-CBB7-4DE5-802E-AEA181CEBC78}"
EndProject
Project("{8BC9CEB8-8B4A-11D0-8D11-00A0C91BC942}") = "example8", "example8.vcxproj", "{64E04C0D-0BD2-4510-8DA2-D325B955D3C0}"
EndProject
Project("{8BC9CEB8-8B4A-11D0-8D11-00A0C91BC942}") = "example9", "example9.vcxproj", "{CE93DB29-9A9F-4EFD-968A-71DBD075819F}"
EndProject
Project("{8BC9CEB8-8B4A-11D0-8D11-00A0C91BC942}") = "example10", "example10.vcxproj", "{D8A46211-FDA9-4605-84B3-3B1D55158661}"
EndProject
Global
	GlobalSection(SolutionConfigurationPlatforms) = preSolution
		Debug|x64 = Debug|x64
		Debug|x86 = Debug|x86
		Release|x64 = Release|x64
		Release|x86 = Release|x86
	EndGlobalSection
	GlobalSection(ProjectConfigurationPlatforms) = postSolution
		{4F1DE192-DBD0-4114-88F0-FD45380C4008}.Debug|x64.ActiveCfg = Debug|x64
		{4F1DE192-DBD0-4114-88F0-FD45380C4008}.Debug|x64.Build.0 = Debug|x64
		{4F1DE192-DBD0-4114-88F0-FD45380C4008}.Debug|x86.ActiveCfg = Debug|Win32
		{4F1DE192-DBD0-4114-88F0-FD45380C4008}.Debug|x86.Build.0 = Debug|Win32
		{4F1DE192-DBD0-4114-88F0-FD45380C4008}.Release|x64.ActiveCfg = Release|x64
		{4F1DE192-DBD0-4114-88F0-FD45380C4008}.Release|x64.Build.0 = Release|x64
		{4F1DE192-DBD0-4114-88F0-FD45380C4008}.Release|x86.ActiveCfg = Release|Win32
		{4F1DE192-DBD0-4114-88F0-FD45380C4008}.Release|x86.Build.0 = Release|Win32
		{BB03B2C1-F458-4F14-90F9-0E81C9BA0FFE}.Debug|x64.ActiveCfg = Debug|x64
		{BB03B2C1-F458-4F14-90F9-0E81C9BA0FFE}.Debug|x64.Build.0 = Debug|x64
		{BB03B2C1-F458-4F14-90F9-0E81C9BA0FFE}.Debug|x86.ActiveCfg = Debug|Win32
		{BB03B2C1-F458-4F14-90F9-0E81C9BA0FFE}.Debug|x86.Build.0 = Debug|Win32
		{BB03B2C1-F458-4F14-90F9-0E81C9BA0FFE}.Release|x64.ActiveCfg = Release|x64
		{BB03B2C1-F458-4F14-90F9-0E81C9BA0FFE}.Release|x64.Build.0 = Release|x64
		{BB03B2C1-F458-4F14-90F9-0E81C9BA0FFE}.Release|x86.ActiveCfg = Release|Win32
		{BB03B2C1-F458-4F14-90F9-0E81C9BA0FFE}.Release|x86.Build.0 = Release|Win32
		{DBFB3F30-0040-4D84-B2F2-26A37425B2DF}.Debug|x64.ActiveCfg = Debug|x64
		{DBFB3F30-0040-4D84-B2F2-26A37425B2DF}.Debug|x64.Build.0 = Debug|x64
		{DBFB3F30-0040-4D84-B2F2-26A37425B2DF}.Debug|x86.ActiveCfg = Debug|Win32
		{DBFB3F30-0040-4D84-B2F2-26A37425B2DF}.Debug|x86.Build.0 = Debug|Win32
		{DBFB3F30-0040-4D84-B2F2-26A37425B2DF}.Release|x64.ActiveCfg = Release|x64
		{DBFB3F30-0040-4D84-B2F2-26A37425B2DF}.Release|x64.Build.0 = Release|x64
		{DBFB3F30-0040-4D84-B2F2-26A37425B2DF}.Release|x86.ActiveCfg = Release|Win32
		{DBFB3F30-0040-4D84-B2F2-26A37425B2DF}.Release|x86.Build.0 = Release|Win32
		{23807C17-8173-4182-919A-2C06500E6444}.Debug|x64.ActiveCfg = Debug|x64
		{23807C17-8173-4182-919A-2C06500E6444}.Debug|x64.Build.0 = Debug|x64
		{23807C17-8173-4182-919A-2C06500E6444}.Debug|x86.ActiveCfg = Debug|Win32
		{23807C17-8173-4182-919A-2C06500E6444}.Debug|x86.Build.0 = Debug|Win32
		{23807C17-8173-4182-919A-2C06500E6444}.Release|x64.ActiveCfg = Release|x64
		{23807C17-8173-4182-919A-2C06500E6444}.Release|x64.Build.0 = Release|x64
		{23807C17-8173-4182-919A-2C06500E6444}.Release|x86.ActiveCfg = Release|Win32
		{23807C17-8173-4182-919A-2C06500E6444}.Release|x86.Build.0 = Release|Win32
		{9D1240FC-8597-47CA-B12C-E9BDE223C2A7}.Debug|x64.ActiveCfg = Debug|x64
		{9D1240FC-8597-47CA-B12C-E9BDE223C2A7}.Debug|x64.Build.0 = Debug|x64
		{9D1240FC-8597-47CA-B12C-E9BDE223C2A7}.Debug|x86.ActiveCfg = Debug|Win32
		{9D1240FC-8597-47CA-B12C-E9BDE223C2A7}.Debug|x86.Build.0 = Debug|Win32
		{9D1240FC-8597-47CA-B12C-E9BDE223C2A7}.Release|x64.ActiveCfg = Release|x64
		{9D1240FC-8597-47CA-B12C-E9BDE223C2A7}.Release|x64.Build.0 = Release|x64
		{9D1240FC-8597-47CA-B12C-E9BDE223C2A7}.Release|x86.ActiveCfg = Release|Win32
		{9D1240FC-8597-47CA-B12C-E9BDE223C2A7}.Release|x86.Build.0 = Release|Win32
		{16FBB923-CD8B-4D14-8F79-CA2419326EC8}.Debug|x64.ActiveCfg = Debug|x64
		{16FBB923-CD8B-4D14-8F79-CA2419326EC8}.Debug|x64.Build.0 = Debug|x64
		{16FBB923-CD8B-4D14-8F79-CA2419326EC8}.Debug|x86.ActiveCfg = Debug|Win32
		{16FBB923-CD8B-4D14-8F79-CA2419326EC8}.Debug|x86.Build.0 = Debug|Win32
		{16FBB923-CD8B-4D14-8F79-CA2419326EC8}.Release|x64.ActiveCfg = Release|x64
		{16FBB923-CD8B-4D14-8F79-CA2419326EC8}.Release|x64.Build.0 = Release|x64
		{16FBB923-CD8B-4D14-8F79-CA2419326EC8}.Release|x86.ActiveCfg = Release|Win32
		{16FBB923-CD8B-4D14-8F79-CA2419326EC8}.Release|x86.Build.0 = Release|Win32
		{DB84CC45-CBB7-4DE5-802E-AEA181CEBC78}.Debug|x64.ActiveCfg = Debug|x64
		{DB84CC45-CBB7-4DE5-802E-AEA181CEBC78}.Debug|x64.Build.0 = Debug|x64
		{DB84CC45-CBB7-4DE5-802E-AEA181CEBC78}.Debug|x86.ActiveCfg = Debug|Win32
		{DB84CC45-CBB7-4DE5-802E-AEA181CEBC78}.Debug|x86.Build.0 = Debug|Win32
		{DB84CC45-CBB7-4DE5-802E-AEA181CEBC78}.Release|x64.ActiveCfg = Release|x64
		{DB84CC45-CBB7-4DE5-802E-AEA181CEBC78}.Release|x64.Build.0 = Release|x64
		{DB84CC45-CBB7-4DE5-802E-AEA181CEBC78}.Release|x86.ActiveCfg = Release|Win32
		{DB84CC45-CBB7-4DE5-802E-AEA181CEBC78}.Release|x86.Build.0 = Release|Win32
		{64E04C0D-0BD2-4510-8DA2-D325B955D3C0}.Debug|x64.ActiveCfg = Debug|x64
		{64E04C0D-0BD2-4510-8DA2-D325B955D3C0}.Debug|x64.Build.0 = Debug|x64
		{64E04C0D-0BD2-4510-8DA2-D325B955D3C0}.Debug|x86.ActiveCfg = Debug|Win32
		{64E04C0D-0BD2-4510-8DA2-D325B955D3C0}.Debug|x86.Build.0 = Debug|Win32
		{64E04C0D-0BD2-4510-8DA2-D325B955D3C0}.Release|x64.ActiveCfg = Release|x64
		{64E04C0D-0BD2-4510-8DA2-D325B955D3C0}.Release|x64.Build.0 = Release|x64
		{64E04C0D-0BD2-4510-8DA2-D325B955D3C0}.Release|x86.ActiveCfg = Release|Win32
		{64E04C0D-0BD2-4510-8DA2-D325B955D3C0}.Release|x86.Build.0 = Release|Win32
		{CE93DB29-9A9F-4EFD-968A-71DBD075819F}.Debug|x64.ActiveCfg = Debug|x64
		{CE93DB29-9A9F-4EFD-968A-71DBD075819F}.Debug|x64.Build.0 = Debug|x64
		{CE93DB29-9A9F-4EFD-968A-71DBD075819F}.Debug|x86.ActiveCfg = Debug|Win32
		{CE93DB29-9A9F-4EFD-968A-71DBD075819F}.Debug|x86.Build.0 = Debug|Win32
		{CE93DB29-9A9F-4EFD-968A-71DBD075819F}.Release|x64.ActiveCfg = Release|x64
		{CE93DB29-9A9F-4EFD-968A-71DBD075819F}.Release|x64.Build.0 = Release|x64
		{CE93DB29-9A9F-4EFD-968A-71DBD075819F}.Release|x86.ActiveCfg = Release|Win32
		{CE93DB29-9A9F-4EFD-968A-71DBD075819F}.Release|x86.Build.0 = Release|Win32
		{D8A46211-FDA9-4605-84B3-3B1D55158661}.Debug|x64.ActiveCfg = Debug|x64
		{D8A46211-FDA9-4605-84B3-3B1D55158661}.Debug|x64.Build.0 = Debug|x64
		{D8A46211-FDA9-4605-84B3-3B1D55158661}.Debug|x86.ActiveCfg = Debug|Win32
		{D8A46211-FDA9-4605-84B3-3B1D55158661}.Debug|x86.Build.0 = Debug|Win32
		{D8A46211-FDA9-4605-84B3-3B1D55158661}.Release|x64.ActiveCfg = Release|x64
		{D8A46211-FDA9-4605-84B3-3B1D55158661}.Release|x64.Build.0 = Release|x64
		{D8A46211-FDA9-4605-84B3-3B1D55158661}.Release|x86.ActiveCfg = Release|Win32
		{D8A46211-FDA9-4605-84B3-3B1D55158661}.Release|x86.Build.0 = Release|Win32
	EndGlobalSection
	GlobalSection(SolutionProperties) = preSolution
		HideSolutionNode = FALSE
	EndGlobalSection
	GlobalSection(ExtensibilityGlobals) = postSolution
		SolutionGuid = {21A84C4B-59C9-4411-AD50-28AC78E49D96}
	EndGlobalSection
EndGlobal
